Microsoft Visual Studio Solution File, Format Version 12.00
# Visual Studio Version 17
VisualStudioVersion = 17.0.31903.59
MinimumVisualStudioVersion = 10.0.40219.1
Project("{9A19103F-16F7-4668-BE54-9A1E7A4F7556}") = "RCEDbDataImport", "src\RCEDbDataImport\RCEDbDataImport.csproj", "{2F7C2372-121E-4C12-A4C9-70E823AC12F2}"
EndProject
Project("{9A19103F-16F7-4668-BE54-9A1E7A4F7556}") = "RCEDbDataImport.Tests", "tests\RCEDbDataImport.Tests\RCEDbDataImport.Tests.csproj", "{680CA2A4-7FEA-46B4-9818-FE494655B68B}"
EndProject
Project("{2150E333-8FDC-42A3-9474-1A3956D46DE8}") = "data", "data", "{9F5DC8E7-79B8-41DF-AAD4-7D41C9060EAF}"
	ProjectSection(SolutionItems) = preProject
		data\sample_customers.csv = data\sample_customers.csv
	EndProjectSection
EndProject
Global
	GlobalSection(SolutionConfigurationPlatforms) = preSolution
		Debug|Any CPU = Debug|Any CPU
		Release|Any CPU = Release|Any CPU
	EndGlobalSection
	GlobalSection(ProjectConfigurationPlatforms) = postSolution
		{2F7C2372-121E-4C12-A4C9-70E823AC12F2}.Debug|Any CPU.ActiveCfg = Debug|Any CPU
		{2F7C2372-121E-4C12-A4C9-70E823AC12F2}.Debug|Any CPU.Build.0 = Debug|Any CPU
		{2F7C2372-121E-4C12-A4C9-70E823AC12F2}.Release|Any CPU.ActiveCfg = Release|Any CPU
		{2F7C2372-121E-4C12-A4C9-70E823AC12F2}.Release|Any CPU.Build.0 = Release|Any CPU
		{680CA2A4-7FEA-46B4-9818-FE494655B68B}.Debug|Any CPU.ActiveCfg = Debug|Any CPU
		{680CA2A4-7FEA-46B4-9818-FE494655B68B}.Debug|Any CPU.Build.0 = Debug|Any CPU
		{680CA2A4-7FEA-46B4-9818-FE494655B68B}.Release|Any CPU.ActiveCfg = Release|Any CPU
		{680CA2A4-7FEA-46B4-9818-FE494655B68B}.Release|Any CPU.Build.0 = Release|Any CPU
	EndGlobalSection
EndGlobal
